// !$*UTF8*$!
{
	archiveVersion = 1;
	classes = {
	};
	objectVersion = 48;
	objects = {

/* Begin PBXBuildFile section */
		92426EB4479641BDF23DEF6F /* Pods_app.framework in Frameworks */ = {isa = PBXBuildFile; fileRef = 3AFC9868517F6DD95C4FCD11 /* Pods_app.framework */; };
		BBA37ACB1FECD76F00E13484 /* AppDelegate.swift in Sources */ = {isa = PBXBuildFile; fileRef = BBA37ACA1FECD76F00E13484 /* AppDelegate.swift */; };
		BBA37AD21FECD76F00E13484 /* Assets.xcassets in Resources */ = {isa = PBXBuildFile; fileRef = BBA37AD11FECD76F00E13484 /* Assets.xcassets */; };
		BBA37AD51FECD76F00E13484 /* LaunchScreen.storyboard in Resources */ = {isa = PBXBuildFile; fileRef = BBA37AD31FECD76F00E13484 /* LaunchScreen.storyboard */; };
		BBEE63061FECD98600DFF9C6 /* appTests.swift in Sources */ = {isa = PBXBuildFile; fileRef = BBEE63051FECD98600DFF9C6 /* appTests.swift */; };
		D3C2E219262A484008FFA3D2 /* Pods_appTests.framework in Frameworks */ = {isa = PBXBuildFile; fileRef = CFACD9116984E83EB6CA3827 /* Pods_appTests.framework */; };
/* End PBXBuildFile section */

/* Begin PBXContainerItemProxy section */
		BBEE63081FECD98600DFF9C6 /* PBXContainerItemProxy */ = {
			isa = PBXContainerItemProxy;
			containerPortal = BBA37ABF1FECD76F00E13484 /* Project object */;
			proxyType = 1;
			remoteGlobalIDString = BBA37AC61FECD76F00E13484;
			remoteInfo = app;
		};
/* End PBXContainerItemProxy section */

/* Begin PBXCopyFilesBuildPhase section */
		BBEE632C1FECE1BF00DFF9C6 /* Embed Frameworks */ = {
			isa = PBXCopyFilesBuildPhase;
			buildActionMask = 2147483647;
			dstPath = "";
			dstSubfolderSpec = 10;
			files = (
			);
			name = "Embed Frameworks";
			runOnlyForDeploymentPostprocessing = 0;
		};
/* End PBXCopyFilesBuildPhase section */

/* Begin PBXFileReference section */
		1BA3A014C4ECB649CAE69746 /* Pods-appTests.debug.xcconfig */ = {isa = PBXFileReference; includeInIndex = 1; lastKnownFileType = text.xcconfig; name = "Pods-appTests.debug.xcconfig"; path = "Pods/Target Support Files/Pods-appTests/Pods-appTests.debug.xcconfig"; sourceTree = "<group>"; };
		389CFFEA103026023AB03EC7 /* Pods-appTests.release.xcconfig */ = {isa = PBXFileReference; includeInIndex = 1; lastKnownFileType = text.xcconfig; name = "Pods-appTests.release.xcconfig"; path = "Pods/Target Support Files/Pods-appTests/Pods-appTests.release.xcconfig"; sourceTree = "<group>"; };
		3AFC9868517F6DD95C4FCD11 /* Pods_app.framework */ = {isa = PBXFileReference; explicitFileType = wrapper.framework; includeInIndex = 0; path = Pods_app.framework; sourceTree = BUILT_PRODUCTS_DIR; };
		3DDCF353459B1CDF90FB4242 /* Pods-GeoPlaceProviderTests.debug.xcconfig */ = {isa = PBXFileReference; includeInIndex = 1; lastKnownFileType = text.xcconfig; name = "Pods-GeoPlaceProviderTests.debug.xcconfig"; path = "Pods/Target Support Files/Pods-GeoPlaceProviderTests/Pods-GeoPlaceProviderTests.debug.xcconfig"; sourceTree = "<group>"; };
		5436F4DEDF965061FA08FB3B /* Pods-app.release.xcconfig */ = {isa = PBXFileReference; includeInIndex = 1; lastKnownFileType = text.xcconfig; name = "Pods-app.release.xcconfig"; path = "Pods/Target Support Files/Pods-app/Pods-app.release.xcconfig"; sourceTree = "<group>"; };
		582A6F04E50910EDF3001A9F /* Pods_GeoPlaceProvider.framework */ = {isa = PBXFileReference; explicitFileType = wrapper.framework; includeInIndex = 0; path = Pods_GeoPlaceProvider.framework; sourceTree = BUILT_PRODUCTS_DIR; };
		6E717C6220F3E305BFA19609 /* Pods-app.debug.xcconfig */ = {isa = PBXFileReference; includeInIndex = 1; lastKnownFileType = text.xcconfig; name = "Pods-app.debug.xcconfig"; path = "Pods/Target Support Files/Pods-app/Pods-app.debug.xcconfig"; sourceTree = "<group>"; };
		81AD3D91123D7E218B73B9F0 /* Pods-GeoPlaceProvider.release.xcconfig */ = {isa = PBXFileReference; includeInIndex = 1; lastKnownFileType = text.xcconfig; name = "Pods-GeoPlaceProvider.release.xcconfig"; path = "Pods/Target Support Files/Pods-GeoPlaceProvider/Pods-GeoPlaceProvider.release.xcconfig"; sourceTree = "<group>"; };
		8CA64995AF0DB912D2128A53 /* Pods-GeoPlaceProvider.debug.xcconfig */ = {isa = PBXFileReference; includeInIndex = 1; lastKnownFileType = text.xcconfig; name = "Pods-GeoPlaceProvider.debug.xcconfig"; path = "Pods/Target Support Files/Pods-GeoPlaceProvider/Pods-GeoPlaceProvider.debug.xcconfig"; sourceTree = "<group>"; };
		A14ED73D20EED565ACC48FFC /* Pods_GeoPlaceProviderTests.framework */ = {isa = PBXFileReference; explicitFileType = wrapper.framework; includeInIndex = 0; path = Pods_GeoPlaceProviderTests.framework; sourceTree = BUILT_PRODUCTS_DIR; };
		BBA37AC71FECD76F00E13484 /* app.app */ = {isa = PBXFileReference; explicitFileType = wrapper.application; includeInIndex = 0; path = app.app; sourceTree = BUILT_PRODUCTS_DIR; };
		BBA37ACA1FECD76F00E13484 /* AppDelegate.swift */ = {isa = PBXFileReference; lastKnownFileType = sourcecode.swift; path = AppDelegate.swift; sourceTree = "<group>"; };
		BBA37AD11FECD76F00E13484 /* Assets.xcassets */ = {isa = PBXFileReference; lastKnownFileType = folder.assetcatalog; path = Assets.xcassets; sourceTree = "<group>"; };
		BBA37AD41FECD76F00E13484 /* Base */ = {isa = PBXFileReference; lastKnownFileType = file.storyboard; name = Base; path = Base.lproj/LaunchScreen.storyboard; sourceTree = "<group>"; };
		BBA37AD61FECD76F00E13484 /* Info.plist */ = {isa = PBXFileReference; lastKnownFileType = text.plist.xml; path = Info.plist; sourceTree = "<group>"; };
		BBEE63031FECD98600DFF9C6 /* appTests.xctest */ = {isa = PBXFileReference; explicitFileType = wrapper.cfbundle; includeInIndex = 0; path = appTests.xctest; sourceTree = BUILT_PRODUCTS_DIR; };
		BBEE63051FECD98600DFF9C6 /* appTests.swift */ = {isa = PBXFileReference; lastKnownFileType = sourcecode.swift; path = appTests.swift; sourceTree = "<group>"; };
		BBEE63071FECD98600DFF9C6 /* Info.plist */ = {isa = PBXFileReference; lastKnownFileType = text.plist.xml; path = Info.plist; sourceTree = "<group>"; };
		C6976A28A914D7B55F46901B /* Pods-GeoPlaceProviderTests.release.xcconfig */ = {isa = PBXFileReference; includeInIndex = 1; lastKnownFileType = text.xcconfig; name = "Pods-GeoPlaceProviderTests.release.xcconfig"; path = "Pods/Target Support Files/Pods-GeoPlaceProviderTests/Pods-GeoPlaceProviderTests.release.xcconfig"; sourceTree = "<group>"; };
		CFACD9116984E83EB6CA3827 /* Pods_appTests.framework */ = {isa = PBXFileReference; explicitFileType = wrapper.framework; includeInIndex = 0; path = Pods_appTests.framework; sourceTree = BUILT_PRODUCTS_DIR; };
/* End PBXFileReference section */

/* Begin PBXFrameworksBuildPhase section */
		BBA37AC41FECD76F00E13484 /* Frameworks */ = {
			isa = PBXFrameworksBuildPhase;
			buildActionMask = 2147483647;
			files = (
				92426EB4479641BDF23DEF6F /* Pods_app.framework in Frameworks */,
			);
			runOnlyForDeploymentPostprocessing = 0;
		};
		BBEE63001FECD98600DFF9C6 /* Frameworks */ = {
			isa = PBXFrameworksBuildPhase;
			buildActionMask = 2147483647;
			files = (
				D3C2E219262A484008FFA3D2 /* Pods_appTests.framework in Frameworks */,
			);
			runOnlyForDeploymentPostprocessing = 0;
		};
/* End PBXFrameworksBuildPhase section */

/* Begin PBXGroup section */
		33576EB43E09B96ECC2E8237 /* Pods */ = {
			isa = PBXGroup;
			children = (
				8CA64995AF0DB912D2128A53 /* Pods-GeoPlaceProvider.debug.xcconfig */,
				81AD3D91123D7E218B73B9F0 /* Pods-GeoPlaceProvider.release.xcconfig */,
				3DDCF353459B1CDF90FB4242 /* Pods-GeoPlaceProviderTests.debug.xcconfig */,
				C6976A28A914D7B55F46901B /* Pods-GeoPlaceProviderTests.release.xcconfig */,
				6E717C6220F3E305BFA19609 /* Pods-app.debug.xcconfig */,
				5436F4DEDF965061FA08FB3B /* Pods-app.release.xcconfig */,
				1BA3A014C4ECB649CAE69746 /* Pods-appTests.debug.xcconfig */,
				389CFFEA103026023AB03EC7 /* Pods-appTests.release.xcconfig */,
			);
			name = Pods;
			sourceTree = "<group>";
		};
		78CE73CF40CBD14E83B228A2 /* Frameworks */ = {
			isa = PBXGroup;
			children = (
				582A6F04E50910EDF3001A9F /* Pods_GeoPlaceProvider.framework */,
				A14ED73D20EED565ACC48FFC /* Pods_GeoPlaceProviderTests.framework */,
				3AFC9868517F6DD95C4FCD11 /* Pods_app.framework */,
				CFACD9116984E83EB6CA3827 /* Pods_appTests.framework */,
			);
			name = Frameworks;
			sourceTree = "<group>";
		};
		BBA37ABE1FECD76F00E13484 = {
			isa = PBXGroup;
			children = (
				BBA37AC91FECD76F00E13484 /* app */,
				BBEE63041FECD98600DFF9C6 /* appTests */,
				BBA37AC81FECD76F00E13484 /* Products */,
				33576EB43E09B96ECC2E8237 /* Pods */,
				78CE73CF40CBD14E83B228A2 /* Frameworks */,
			);
			sourceTree = "<group>";
		};
		BBA37AC81FECD76F00E13484 /* Products */ = {
			isa = PBXGroup;
			children = (
				BBA37AC71FECD76F00E13484 /* app.app */,
				BBEE63031FECD98600DFF9C6 /* appTests.xctest */,
			);
			name = Products;
			sourceTree = "<group>";
		};
		BBA37AC91FECD76F00E13484 /* app */ = {
			isa = PBXGroup;
			children = (
				BBA37ACA1FECD76F00E13484 /* AppDelegate.swift */,
				BBA37AD11FECD76F00E13484 /* Assets.xcassets */,
				BBA37AD31FECD76F00E13484 /* LaunchScreen.storyboard */,
				BBA37AD61FECD76F00E13484 /* Info.plist */,
			);
			path = app;
			sourceTree = "<group>";
		};
		BBEE63041FECD98600DFF9C6 /* appTests */ = {
			isa = PBXGroup;
			children = (
				BBEE63051FECD98600DFF9C6 /* appTests.swift */,
				BBEE63071FECD98600DFF9C6 /* Info.plist */,
			);
			path = appTests;
			sourceTree = "<group>";
		};
/* End PBXGroup section */

/* Begin PBXNativeTarget section */
		BBA37AC61FECD76F00E13484 /* app */ = {
			isa = PBXNativeTarget;
			buildConfigurationList = BBA37AD91FECD76F00E13484 /* Build configuration list for PBXNativeTarget "app" */;
			buildPhases = (
				519CCE4BFF90CC798EAFBF94 /* [CP] Check Pods Manifest.lock */,
				BBA37AC31FECD76F00E13484 /* Sources */,
				BBA37AC41FECD76F00E13484 /* Frameworks */,
				BBA37AC51FECD76F00E13484 /* Resources */,
				BBEE632C1FECE1BF00DFF9C6 /* Embed Frameworks */,
				A9438092F3AA19D9B401217A /* [CP] Embed Pods Frameworks */,
				B76AC6B7FEE2F449DCBF976C /* [CP] Copy Pods Resources */,
			);
			buildRules = (
			);
			dependencies = (
			);
			name = app;
			productName = app;
			productReference = BBA37AC71FECD76F00E13484 /* app.app */;
			productType = "com.apple.product-type.application";
		};
		BBEE63021FECD98600DFF9C6 /* appTests */ = {
			isa = PBXNativeTarget;
			buildConfigurationList = BBEE630A1FECD98600DFF9C6 /* Build configuration list for PBXNativeTarget "appTests" */;
			buildPhases = (
				3B70604BED55C3FA3788E9D2 /* [CP] Check Pods Manifest.lock */,
				BBEE62FF1FECD98600DFF9C6 /* Sources */,
				BBEE63001FECD98600DFF9C6 /* Frameworks */,
				BBEE63011FECD98600DFF9C6 /* Resources */,
				3D773979DCE8DF5F39ED112A /* [CP] Embed Pods Frameworks */,
				7EE8007D4DDD7A13A636772A /* [CP] Copy Pods Resources */,
			);
			buildRules = (
			);
			dependencies = (
				BBEE63091FECD98600DFF9C6 /* PBXTargetDependency */,
			);
			name = appTests;
			productName = appTests;
			productReference = BBEE63031FECD98600DFF9C6 /* appTests.xctest */;
			productType = "com.apple.product-type.bundle.unit-test";
		};
/* End PBXNativeTarget section */

/* Begin PBXProject section */
		BBA37ABF1FECD76F00E13484 /* Project object */ = {
			isa = PBXProject;
			attributes = {
				LastSwiftUpdateCheck = 0920;
				LastUpgradeCheck = 0920;
				ORGANIZATIONNAME = "Remi Robert";
				TargetAttributes = {
					BBA37AC61FECD76F00E13484 = {
						CreatedOnToolsVersion = 9.2;
						ProvisioningStyle = Automatic;
					};
					BBEE63021FECD98600DFF9C6 = {
						CreatedOnToolsVersion = 9.2;
						ProvisioningStyle = Automatic;
						TestTargetID = BBA37AC61FECD76F00E13484;
					};
				};
			};
			buildConfigurationList = BBA37AC21FECD76F00E13484 /* Build configuration list for PBXProject "app" */;
			compatibilityVersion = "Xcode 8.0";
			developmentRegion = en;
			hasScannedForEncodings = 0;
			knownRegions = (
				en,
				Base,
			);
			mainGroup = BBA37ABE1FECD76F00E13484;
			productRefGroup = BBA37AC81FECD76F00E13484 /* Products */;
			projectDirPath = "";
			projectRoot = "";
			targets = (
				BBA37AC61FECD76F00E13484 /* app */,
				BBEE63021FECD98600DFF9C6 /* appTests */,
			);
		};
/* End PBXProject section */

/* Begin PBXResourcesBuildPhase section */
		BBA37AC51FECD76F00E13484 /* Resources */ = {
			isa = PBXResourcesBuildPhase;
			buildActionMask = 2147483647;
			files = (
				BBA37AD51FECD76F00E13484 /* LaunchScreen.storyboard in Resources */,
				BBA37AD21FECD76F00E13484 /* Assets.xcassets in Resources */,
			);
			runOnlyForDeploymentPostprocessing = 0;
		};
		BBEE63011FECD98600DFF9C6 /* Resources */ = {
			isa = PBXResourcesBuildPhase;
			buildActionMask = 2147483647;
			files = (
			);
			runOnlyForDeploymentPostprocessing = 0;
		};
/* End PBXResourcesBuildPhase section */

/* Begin PBXShellScriptBuildPhase section */
		3B70604BED55C3FA3788E9D2 /* [CP] Check Pods Manifest.lock */ = {
			isa = PBXShellScriptBuildPhase;
			buildActionMask = 2147483647;
			files = (
			);
			inputPaths = (
				"${PODS_PODFILE_DIR_PATH}/Podfile.lock",
				"${PODS_ROOT}/Manifest.lock",
			);
			name = "[CP] Check Pods Manifest.lock";
			outputPaths = (
				"$(DERIVED_FILE_DIR)/Pods-appTests-checkManifestLockResult.txt",
			);
			runOnlyForDeploymentPostprocessing = 0;
			shellPath = /bin/sh;
			shellScript = "diff \"${PODS_PODFILE_DIR_PATH}/Podfile.lock\" \"${PODS_ROOT}/Manifest.lock\" > /dev/null\nif [ $? != 0 ] ; then\n    # print error to STDERR\n    echo \"error: The sandbox is not in sync with the Podfile.lock. Run 'pod install' or update your CocoaPods installation.\" >&2\n    exit 1\nfi\n# This output is used by Xcode 'outputs' to avoid re-running this script phase.\necho \"SUCCESS\" > \"${SCRIPT_OUTPUT_FILE_0}\"\n";
			showEnvVarsInLog = 0;
		};
		3D773979DCE8DF5F39ED112A /* [CP] Embed Pods Frameworks */ = {
			isa = PBXShellScriptBuildPhase;
			buildActionMask = 2147483647;
			files = (
			);
			inputPaths = (
			);
			name = "[CP] Embed Pods Frameworks";
			outputPaths = (
			);
			runOnlyForDeploymentPostprocessing = 0;
			shellPath = /bin/sh;
			shellScript = "\"${SRCROOT}/Pods/Target Support Files/Pods-appTests/Pods-appTests-frameworks.sh\"\n";
			showEnvVarsInLog = 0;
		};
		519CCE4BFF90CC798EAFBF94 /* [CP] Check Pods Manifest.lock */ = {
			isa = PBXShellScriptBuildPhase;
			buildActionMask = 2147483647;
			files = (
			);
			inputPaths = (
				"${PODS_PODFILE_DIR_PATH}/Podfile.lock",
				"${PODS_ROOT}/Manifest.lock",
			);
			name = "[CP] Check Pods Manifest.lock";
			outputPaths = (
				"$(DERIVED_FILE_DIR)/Pods-app-checkManifestLockResult.txt",
			);
			runOnlyForDeploymentPostprocessing = 0;
			shellPath = /bin/sh;
			shellScript = "diff \"${PODS_PODFILE_DIR_PATH}/Podfile.lock\" \"${PODS_ROOT}/Manifest.lock\" > /dev/null\nif [ $? != 0 ] ; then\n    # print error to STDERR\n    echo \"error: The sandbox is not in sync with the Podfile.lock. Run 'pod install' or update your CocoaPods installation.\" >&2\n    exit 1\nfi\n# This output is used by Xcode 'outputs' to avoid re-running this script phase.\necho \"SUCCESS\" > \"${SCRIPT_OUTPUT_FILE_0}\"\n";
			showEnvVarsInLog = 0;
		};
		7EE8007D4DDD7A13A636772A /* [CP] Copy Pods Resources */ = {
			isa = PBXShellScriptBuildPhase;
			buildActionMask = 2147483647;
			files = (
			);
			inputPaths = (
			);
			name = "[CP] Copy Pods Resources";
			outputPaths = (
			);
			runOnlyForDeploymentPostprocessing = 0;
			shellPath = /bin/sh;
			shellScript = "\"${SRCROOT}/Pods/Target Support Files/Pods-appTests/Pods-appTests-resources.sh\"\n";
			showEnvVarsInLog = 0;
		};
		A9438092F3AA19D9B401217A /* [CP] Embed Pods Frameworks */ = {
			isa = PBXShellScriptBuildPhase;
			buildActionMask = 2147483647;
			files = (
			);
			inputPaths = (
				"${SRCROOT}/Pods/Target Support Files/Pods-app/Pods-app-frameworks.sh",
				"${BUILT_PRODUCTS_DIR}/RxCocoa-iOS10.0/RxCocoa.framework",
				"${BUILT_PRODUCTS_DIR}/RxSwift-iOS10.0/RxSwift.framework",
				"${BUILT_PRODUCTS_DIR}/RxCocoa-iOS11.2/RxCocoa.framework",
				"${BUILT_PRODUCTS_DIR}/RxSwift-iOS11.2/RxSwift.framework",
			);
			name = "[CP] Embed Pods Frameworks";
			outputPaths = (
				"${TARGET_BUILD_DIR}/${FRAMEWORKS_FOLDER_PATH}/RxCocoa.framework",
				"${TARGET_BUILD_DIR}/${FRAMEWORKS_FOLDER_PATH}/RxSwift.framework",
				"${TARGET_BUILD_DIR}/${FRAMEWORKS_FOLDER_PATH}/RxCocoa.framework",
				"${TARGET_BUILD_DIR}/${FRAMEWORKS_FOLDER_PATH}/RxSwift.framework",
			);
			runOnlyForDeploymentPostprocessing = 0;
			shellPath = /bin/sh;
			shellScript = "\"${SRCROOT}/Pods/Target Support Files/Pods-app/Pods-app-frameworks.sh\"\n";
			showEnvVarsInLog = 0;
		};
		B76AC6B7FEE2F449DCBF976C /* [CP] Copy Pods Resources */ = {
			isa = PBXShellScriptBuildPhase;
			buildActionMask = 2147483647;
			files = (
			);
			inputPaths = (
			);
			name = "[CP] Copy Pods Resources";
			outputPaths = (
			);
			runOnlyForDeploymentPostprocessing = 0;
			shellPath = /bin/sh;
			shellScript = "\"${SRCROOT}/Pods/Target Support Files/Pods-app/Pods-app-resources.sh\"\n";
			showEnvVarsInLog = 0;
		};
/* End PBXShellScriptBuildPhase section */

/* Begin PBXSourcesBuildPhase section */
		BBA37AC31FECD76F00E13484 /* Sources */ = {
			isa = PBXSourcesBuildPhase;
			buildActionMask = 2147483647;
			files = (
				BBA37ACB1FECD76F00E13484 /* AppDelegate.swift in Sources */,
			);
			runOnlyForDeploymentPostprocessing = 0;
		};
		BBEE62FF1FECD98600DFF9C6 /* Sources */ = {
			isa = PBXSourcesBuildPhase;
			buildActionMask = 2147483647;
			files = (
				BBEE63061FECD98600DFF9C6 /* appTests.swift in Sources */,
			);
			runOnlyForDeploymentPostprocessing = 0;
		};
/* End PBXSourcesBuildPhase section */

/* Begin PBXTargetDependency section */
		BBEE63091FECD98600DFF9C6 /* PBXTargetDependency */ = {
			isa = PBXTargetDependency;
			target = BBA37AC61FECD76F00E13484 /* app */;
			targetProxy = BBEE63081FECD98600DFF9C6 /* PBXContainerItemProxy */;
		};
/* End PBXTargetDependency section */

/* Begin PBXVariantGroup section */
		BBA37AD31FECD76F00E13484 /* LaunchScreen.storyboard */ = {
			isa = PBXVariantGroup;
			children = (
				BBA37AD41FECD76F00E13484 /* Base */,
			);
			name = LaunchScreen.storyboard;
			sourceTree = "<group>";
		};
/* End PBXVariantGroup section */

/* Begin XCBuildConfiguration section */
		BBA37AD71FECD76F00E13484 /* Debug */ = {
			isa = XCBuildConfiguration;
			buildSettings = {
				ALWAYS_SEARCH_USER_PATHS = NO;
				CLANG_ANALYZER_NONNULL = YES;
				CLANG_ANALYZER_NUMBER_OBJECT_CONVERSION = YES_AGGRESSIVE;
				CLANG_CXX_LANGUAGE_STANDARD = "gnu++14";
				CLANG_CXX_LIBRARY = "libc++";
				CLANG_ENABLE_MODULES = YES;
				CLANG_ENABLE_OBJC_ARC = YES;
				CLANG_WARN_BLOCK_CAPTURE_AUTORELEASING = YES;
				CLANG_WARN_BOOL_CONVERSION = YES;
				CLANG_WARN_COMMA = YES;
				CLANG_WARN_CONSTANT_CONVERSION = YES;
				CLANG_WARN_DIRECT_OBJC_ISA_USAGE = YES_ERROR;
				CLANG_WARN_DOCUMENTATION_COMMENTS = YES;
				CLANG_WARN_EMPTY_BODY = YES;
				CLANG_WARN_ENUM_CONVERSION = YES;
				CLANG_WARN_INFINITE_RECURSION = YES;
				CLANG_WARN_INT_CONVERSION = YES;
				CLANG_WARN_NON_LITERAL_NULL_CONVERSION = YES;
				CLANG_WARN_OBJC_LITERAL_CONVERSION = YES;
				CLANG_WARN_OBJC_ROOT_CLASS = YES_ERROR;
				CLANG_WARN_RANGE_LOOP_ANALYSIS = YES;
				CLANG_WARN_STRICT_PROTOTYPES = YES;
				CLANG_WARN_SUSPICIOUS_MOVE = YES;
				CLANG_WARN_UNGUARDED_AVAILABILITY = YES_AGGRESSIVE;
				CLANG_WARN_UNREACHABLE_CODE = YES;
				CLANG_WARN__DUPLICATE_METHOD_MATCH = YES;
				CODE_SIGN_IDENTITY = "iPhone Developer";
				COPY_PHASE_STRIP = NO;
				DEBUG_INFORMATION_FORMAT = dwarf;
				ENABLE_STRICT_OBJC_MSGSEND = YES;
				ENABLE_TESTABILITY = YES;
				GCC_C_LANGUAGE_STANDARD = gnu11;
				GCC_DYNAMIC_NO_PIC = NO;
				GCC_NO_COMMON_BLOCKS = YES;
				GCC_OPTIMIZATION_LEVEL = 0;
				GCC_PREPROCESSOR_DEFINITIONS = (
					"DEBUG=1",
					"$(inherited)",
				);
				GCC_WARN_64_TO_32_BIT_CONVERSION = YES;
				GCC_WARN_ABOUT_RETURN_TYPE = YES_ERROR;
				GCC_WARN_UNDECLARED_SELECTOR = YES;
				GCC_WARN_UNINITIALIZED_AUTOS = YES_AGGRESSIVE;
				GCC_WARN_UNUSED_FUNCTION = YES;
				GCC_WARN_UNUSED_VARIABLE = YES;
				IPHONEOS_DEPLOYMENT_TARGET = 11.2;
				MTL_ENABLE_DEBUG_INFO = YES;
				ONLY_ACTIVE_ARCH = YES;
				SDKROOT = iphoneos;
				SWIFT_ACTIVE_COMPILATION_CONDITIONS = DEBUG;
				SWIFT_OPTIMIZATION_LEVEL = "-Onone";
			};
			name = Debug;
		};
		BBA37AD81FECD76F00E13484 /* Release */ = {
			isa = XCBuildConfiguration;
			buildSettings = {
				ALWAYS_SEARCH_USER_PATHS = NO;
				CLANG_ANALYZER_NONNULL = YES;
				CLANG_ANALYZER_NUMBER_OBJECT_CONVERSION = YES_AGGRESSIVE;
				CLANG_CXX_LANGUAGE_STANDARD = "gnu++14";
				CLANG_CXX_LIBRARY = "libc++";
				CLANG_ENABLE_MODULES = YES;
				CLANG_ENABLE_OBJC_ARC = YES;
				CLANG_WARN_BLOCK_CAPTURE_AUTORELEASING = YES;
				CLANG_WARN_BOOL_CONVERSION = YES;
				CLANG_WARN_COMMA = YES;
				CLANG_WARN_CONSTANT_CONVERSION = YES;
				CLANG_WARN_DIRECT_OBJC_ISA_USAGE = YES_ERROR;
				CLANG_WARN_DOCUMENTATION_COMMENTS = YES;
				CLANG_WARN_EMPTY_BODY = YES;
				CLANG_WARN_ENUM_CONVERSION = YES;
				CLANG_WARN_INFINITE_RECURSION = YES;
				CLANG_WARN_INT_CONVERSION = YES;
				CLANG_WARN_NON_LITERAL_NULL_CONVERSION = YES;
				CLANG_WARN_OBJC_LITERAL_CONVERSION = YES;
				CLANG_WARN_OBJC_ROOT_CLASS = YES_ERROR;
				CLANG_WARN_RANGE_LOOP_ANALYSIS = YES;
				CLANG_WARN_STRICT_PROTOTYPES = YES;
				CLANG_WARN_SUSPICIOUS_MOVE = YES;
				CLANG_WARN_UNGUARDED_AVAILABILITY = YES_AGGRESSIVE;
				CLANG_WARN_UNREACHABLE_CODE = YES;
				CLANG_WARN__DUPLICATE_METHOD_MATCH = YES;
				CODE_SIGN_IDENTITY = "iPhone Developer";
				COPY_PHASE_STRIP = NO;
				DEBUG_INFORMATION_FORMAT = "dwarf-with-dsym";
				ENABLE_NS_ASSERTIONS = NO;
				ENABLE_STRICT_OBJC_MSGSEND = YES;
				GCC_C_LANGUAGE_STANDARD = gnu11;
				GCC_NO_COMMON_BLOCKS = YES;
				GCC_WARN_64_TO_32_BIT_CONVERSION = YES;
				GCC_WARN_ABOUT_RETURN_TYPE = YES_ERROR;
				GCC_WARN_UNDECLARED_SELECTOR = YES;
				GCC_WARN_UNINITIALIZED_AUTOS = YES_AGGRESSIVE;
				GCC_WARN_UNUSED_FUNCTION = YES;
				GCC_WARN_UNUSED_VARIABLE = YES;
				IPHONEOS_DEPLOYMENT_TARGET = 11.2;
				MTL_ENABLE_DEBUG_INFO = NO;
				SDKROOT = iphoneos;
				SWIFT_OPTIMIZATION_LEVEL = "-Owholemodule";
				VALIDATE_PRODUCT = YES;
			};
			name = Release;
		};
		BBA37ADA1FECD76F00E13484 /* Debug */ = {
			isa = XCBuildConfiguration;
			baseConfigurationReference = 6E717C6220F3E305BFA19609 /* Pods-app.debug.xcconfig */;
			buildSettings = {
				ASSETCATALOG_COMPILER_APPICON_NAME = AppIcon;
				CODE_SIGN_STYLE = Automatic;
				DEVELOPMENT_TEAM = 44Q2J6374R;
				INFOPLIST_FILE = app/Info.plist;
				IPHONEOS_DEPLOYMENT_TARGET = 10.0;
				LD_RUNPATH_SEARCH_PATHS = "$(inherited) @executable_path/Frameworks";
				PRODUCT_BUNDLE_IDENTIFIER = com.remirobert.app;
				PRODUCT_NAME = "$(TARGET_NAME)";
				SWIFT_VERSION = 4.0;
				TARGETED_DEVICE_FAMILY = "1,2";
			};
			name = Debug;
		};
		BBA37ADB1FECD76F00E13484 /* Release */ = {
			isa = XCBuildConfiguration;
			baseConfigurationReference = 5436F4DEDF965061FA08FB3B /* Pods-app.release.xcconfig */;
			buildSettings = {
				ASSETCATALOG_COMPILER_APPICON_NAME = AppIcon;
				CODE_SIGN_STYLE = Automatic;
				DEVELOPMENT_TEAM = 44Q2J6374R;
				INFOPLIST_FILE = app/Info.plist;
				IPHONEOS_DEPLOYMENT_TARGET = 10.0;
				LD_RUNPATH_SEARCH_PATHS = "$(inherited) @executable_path/Frameworks";
				PRODUCT_BUNDLE_IDENTIFIER = com.remirobert.app;
				PRODUCT_NAME = "$(TARGET_NAME)";
				SWIFT_VERSION = 4.0;
				TARGETED_DEVICE_FAMILY = "1,2";
			};
			name = Release;
		};
		BBEE630B1FECD98600DFF9C6 /* Debug */ = {
			isa = XCBuildConfiguration;
			baseConfigurationReference = 1BA3A014C4ECB649CAE69746 /* Pods-appTests.debug.xcconfig */;
			buildSettings = {
				BUNDLE_LOADER = "$(TEST_HOST)";
				CODE_SIGN_STYLE = Automatic;
				DEVELOPMENT_TEAM = 44Q2J6374R;
				INFOPLIST_FILE = appTests/Info.plist;
				LD_RUNPATH_SEARCH_PATHS = "$(inherited) @executable_path/Frameworks @loader_path/Frameworks";
				PRODUCT_BUNDLE_IDENTIFIER = com.reminder.appTests;
				PRODUCT_NAME = "$(TARGET_NAME)";
				SWIFT_VERSION = 4.0;
				TARGETED_DEVICE_FAMILY = "1,2";
				TEST_HOST = "$(BUILT_PRODUCTS_DIR)/app.app/app";
			};
			name = Debug;
		};
		BBEE630C1FECD98600DFF9C6 /* Release */ = {
			isa = XCBuildConfiguration;
			baseConfigurationReference = 389CFFEA103026023AB03EC7 /* Pods-appTests.release.xcconfig */;
			buildSettings = {
				BUNDLE_LOADER = "$(TEST_HOST)";
				CODE_SIGN_STYLE = Automatic;
				DEVELOPMENT_TEAM = 44Q2J6374R;
				INFOPLIST_FILE = appTests/Info.plist;
				LD_RUNPATH_SEARCH_PATHS = "$(inherited) @executable_path/Frameworks @loader_path/Frameworks";
				PRODUCT_BUNDLE_IDENTIFIER = com.reminder.appTests;
				PRODUCT_NAME = "$(TARGET_NAME)";
				SWIFT_VERSION = 4.0;
				TARGETED_DEVICE_FAMILY = "1,2";
				TEST_HOST = "$(BUILT_PRODUCTS_DIR)/app.app/app";
			};
			name = Release;
		};
/* End XCBuildConfiguration section */

/* Begin XCConfigurationList section */
		BBA37AC21FECD76F00E13484 /* Build configuration list for PBXProject "app" */ = {
			isa = XCConfigurationList;
			buildConfigurations = (
				BBA37AD71FECD76F00E13484 /* Debug */,
				BBA37AD81FECD76F00E13484 /* Release */,
			);
			defaultConfigurationIsVisible = 0;
			defaultConfigurationName = Release;
		};
		BBA37AD91FECD76F00E13484 /* Build configuration list for PBXNativeTarget "app" */ = {
			isa = XCConfigurationList;
			buildConfigurations = (
				BBA37ADA1FECD76F00E13484 /* Debug */,
				BBA37ADB1FECD76F00E13484 /* Release */,
			);
			defaultConfigurationIsVisible = 0;
			defaultConfigurationName = Release;
		};
		BBEE630A1FECD98600DFF9C6 /* Build configuration list for PBXNativeTarget "appTests" */ = {
			isa = XCConfigurationList;
			buildConfigurations = (
				BBEE630B1FECD98600DFF9C6 /* Debug */,
				BBEE630C1FECD98600DFF9C6 /* Release */,
			);
			defaultConfigurationIsVisible = 0;
			defaultConfigurationName = Release;
		};
/* End XCConfigurationList section */
	};
	rootObject = BBA37ABF1FECD76F00E13484 /* Project object */;
}
